{
  "nodes": {
    "darwin": {
      "inputs": {
        "nixpkgs": [
          "nixpkgs"
        ]
      },
      "locked": {
        "lastModified": 1735478292,
        "narHash": "sha256-Ys9pSP9ch0SthhpbjnkCSJ9ZLfaNKnt/dcy7swjmS1A=",
        "owner": "LnL7",
        "repo": "nix-darwin",
        "rev": "71a3a075e3229a7518d76636bb762aef2bcb73ac",
        "type": "github"
      },
      "original": {
        "owner": "LnL7",
        "repo": "nix-darwin",
        "type": "github"
      }
    },
    "emacs-darwin": {
      "inputs": {
        "flake-utils": "flake-utils",
        "nixpkgs": [
          "nixpkgs"
        ]
      },
      "locked": {
        "lastModified": 1735525010,
        "narHash": "sha256-riw+Lup9+qaLHTW1bZ05m6DZVgavJfwOYqTjs4wr0Xk=",
        "owner": "c4710n",
        "repo": "nix-darwin-emacs",
        "rev": "2f7fc3c16e8ed704fdea91e3d4eb62c1b753c9cd",
        "type": "github"
      },
      "original": {
        "owner": "c4710n",
        "repo": "nix-darwin-emacs",
        "type": "github"
      }
    },
    "emacs-overlay": {
      "inputs": {
        "nixpkgs": [
          "nixpkgs"
        ],
        "nixpkgs-stable": "nixpkgs-stable"
      },
      "locked": {
        "lastModified": 1735578774,
        "narHash": "sha256-h3rnJtvyccfe/OITy9t4Guenu/UYL2TloC0lLMUaW6Q=",
        "owner": "nix-community",
        "repo": "emacs-overlay",
        "rev": "d7aadd31e28779d86de9134ff7d356f948f0933b",
        "type": "github"
      },
      "original": {
        "owner": "nix-community",
        "repo": "emacs-overlay",
        "type": "github"
      }
    },
    "flake-utils": {
      "inputs": {
        "systems": "systems"
      },
      "locked": {
        "lastModified": 1685518550,
        "narHash": "sha256-o2d0KcvaXzTrPRIo0kOLV0/QXHhDQ5DTi+OxcjO8xqY=",
        "owner": "numtide",
        "repo": "flake-utils",
        "rev": "a1720a10a6cfe8234c0e93907ffe81be440f4cef",
        "type": "github"
      },
      "original": {
        "owner": "numtide",
        "repo": "flake-utils",
        "type": "github"
      }
    },
    "ghostty": {
      "locked": {
        "lastModified": 1702368251,
        "narHash": "sha256-hafrDmzGplzm+vdIo+LkOjRfA4qRcy5JmpGGksnht5c=",
        "owner": "clo4",
        "repo": "ghostty-hm-module",
        "rev": "887e13a6e7acf5ffaab0119d96e476d84db90904",
        "type": "github"
      },
      "original": {
        "owner": "clo4",
        "repo": "ghostty-hm-module",
        "type": "github"
      }
    },
    "home-manager": {
      "inputs": {
        "nixpkgs": [
          "nixpkgs"
        ]
      },
      "locked": {
        "lastModified": 1735381016,
        "narHash": "sha256-CyCZFhMUkuYbSD6bxB/r43EdmDE7hYeZZPTCv0GudO4=",
        "owner": "nix-community",
        "repo": "home-manager",
        "rev": "10e99c43cdf4a0713b4e81d90691d22c6a58bdf2",
        "type": "github"
      },
      "original": {
        "owner": "nix-community",
        "repo": "home-manager",
        "type": "github"
      }
    },
    "nixpkgs": {
      "locked": {
        "lastModified": 1735523292,
        "narHash": "sha256-opBsbR/nrGxiiF6XzlVluiHYb6yN/hEwv+lBWTy9xoM=",
        "owner": "NixOS",
        "repo": "nixpkgs",
        "rev": "6d97d419e5a9b36e6293887a89a078cf85f5a61b",
        "type": "github"
      },
      "original": {
        "owner": "NixOS",
        "ref": "nixpkgs-unstable",
        "repo": "nixpkgs",
        "type": "github"
      }
    },
    "nixpkgs-stable": {
      "locked": {
        "lastModified": 1735531152,
        "narHash": "sha256-As8I+ebItDKtboWgDXYZSIjGlKeqiLBvjxsQHUmAf1Q=",
        "owner": "NixOS",
        "repo": "nixpkgs",
        "rev": "3ffbbdbac0566a0977da3d2657b89cbcfe9a173b",
        "type": "github"
      },
      "original": {
        "owner": "NixOS",
        "ref": "nixos-24.11",
        "repo": "nixpkgs",
        "type": "github"
      }
    },
    "root": {
      "inputs": {
        "darwin": "darwin",
        "emacs-darwin": "emacs-darwin",
        "emacs-overlay": "emacs-overlay",
        "ghostty": "ghostty",
        "home-manager": "home-manager",
        "nixpkgs": "nixpkgs"
      }
    },
    "systems": {
      "locked": {
        "lastModified": 1681028828,
        "narHash": "sha256-Vy1rq5AaRuLzOxct8nz4T6wlgyUR7zLU309k9mBC768=",
        "owner": "nix-systems",
        "repo": "default",
        "rev": "da67096a3b9bf56a91d16901293e51ba5b49a27e",
        "type": "github"
      },
      "original": {
        "owner": "nix-systems",
        "repo": "default",
        "type": "github"
      }
    }
  },
  "root": "root",
  "version": 7
}
